// !$*UTF8*$!
{
	archiveVersion = 1;
	classes = {
	};
	objectVersion = 46;
	objects = {

/* Begin PBXBuildFile section */
		804CBC8ED563FF1A6131ADEE /* Pods_Sleek.framework in Frameworks */ = {isa = PBXBuildFile; fileRef = C1D6F92090C923A5D9B095D4 /* Pods_Sleek.framework */; };
		FC0D3E481C9E5F1100BAAEA8 /* AsyncButton.swift in Sources */ = {isa = PBXBuildFile; fileRef = FC0D3E2A1C9E5F1100BAAEA8 /* AsyncButton.swift */; };
		FC0D3E491C9E5F1100BAAEA8 /* AsyncImageView.swift in Sources */ = {isa = PBXBuildFile; fileRef = FC0D3E2B1C9E5F1100BAAEA8 /* AsyncImageView.swift */; };
		FC0D3E4A1C9E5F1100BAAEA8 /* AutoTextView.swift in Sources */ = {isa = PBXBuildFile; fileRef = FC0D3E2C1C9E5F1100BAAEA8 /* AutoTextView.swift */; };
		FC0D3E4B1C9E5F1100BAAEA8 /* BlurView.swift in Sources */ = {isa = PBXBuildFile; fileRef = FC0D3E2D1C9E5F1100BAAEA8 /* BlurView.swift */; };
		FC0D3E4C1C9E5F1100BAAEA8 /* DesignableButton.swift in Sources */ = {isa = PBXBuildFile; fileRef = FC0D3E2E1C9E5F1100BAAEA8 /* DesignableButton.swift */; };
		FC0D3E4D1C9E5F1100BAAEA8 /* DesignableImageView.swift in Sources */ = {isa = PBXBuildFile; fileRef = FC0D3E2F1C9E5F1100BAAEA8 /* DesignableImageView.swift */; };
		FC0D3E4E1C9E5F1100BAAEA8 /* DesignableLabel.swift in Sources */ = {isa = PBXBuildFile; fileRef = FC0D3E301C9E5F1100BAAEA8 /* DesignableLabel.swift */; };
		FC0D3E4F1C9E5F1100BAAEA8 /* DesignableTabBarController.swift in Sources */ = {isa = PBXBuildFile; fileRef = FC0D3E311C9E5F1100BAAEA8 /* DesignableTabBarController.swift */; };
		FC0D3E501C9E5F1100BAAEA8 /* DesignableTextField.swift in Sources */ = {isa = PBXBuildFile; fileRef = FC0D3E321C9E5F1100BAAEA8 /* DesignableTextField.swift */; };
		FC0D3E511C9E5F1100BAAEA8 /* DesignableTextView.swift in Sources */ = {isa = PBXBuildFile; fileRef = FC0D3E331C9E5F1100BAAEA8 /* DesignableTextView.swift */; };
		FC0D3E521C9E5F1100BAAEA8 /* DesignableView.swift in Sources */ = {isa = PBXBuildFile; fileRef = FC0D3E341C9E5F1100BAAEA8 /* DesignableView.swift */; };
		FC0D3E531C9E5F1100BAAEA8 /* ImageLoader.swift in Sources */ = {isa = PBXBuildFile; fileRef = FC0D3E351C9E5F1100BAAEA8 /* ImageLoader.swift */; };
		FC0D3E541C9E5F1100BAAEA8 /* Info.plist in Resources */ = {isa = PBXBuildFile; fileRef = FC0D3E361C9E5F1100BAAEA8 /* Info.plist */; };
		FC0D3E551C9E5F1100BAAEA8 /* KeyboardLayoutConstraint.swift in Sources */ = {isa = PBXBuildFile; fileRef = FC0D3E371C9E5F1100BAAEA8 /* KeyboardLayoutConstraint.swift */; };
		FC0D3E561C9E5F1100BAAEA8 /* LoadingView.swift in Sources */ = {isa = PBXBuildFile; fileRef = FC0D3E381C9E5F1100BAAEA8 /* LoadingView.swift */; };
		FC0D3E571C9E5F1100BAAEA8 /* LoadingView.xib in Resources */ = {isa = PBXBuildFile; fileRef = FC0D3E391C9E5F1100BAAEA8 /* LoadingView.xib */; };
		FC0D3E581C9E5F1100BAAEA8 /* Misc.swift in Sources */ = {isa = PBXBuildFile; fileRef = FC0D3E3A1C9E5F1100BAAEA8 /* Misc.swift */; };
		FC0D3E591C9E5F1100BAAEA8 /* SoundPlayer.swift in Sources */ = {isa = PBXBuildFile; fileRef = FC0D3E3B1C9E5F1100BAAEA8 /* SoundPlayer.swift */; };
		FC0D3E5A1C9E5F1100BAAEA8 /* Spring.swift in Sources */ = {isa = PBXBuildFile; fileRef = FC0D3E3D1C9E5F1100BAAEA8 /* Spring.swift */; };
		FC0D3E5B1C9E5F1100BAAEA8 /* SpringAnimation.swift in Sources */ = {isa = PBXBuildFile; fileRef = FC0D3E3E1C9E5F1100BAAEA8 /* SpringAnimation.swift */; };
		FC0D3E5C1C9E5F1100BAAEA8 /* SpringButton.swift in Sources */ = {isa = PBXBuildFile; fileRef = FC0D3E3F1C9E5F1100BAAEA8 /* SpringButton.swift */; };
		FC0D3E5D1C9E5F1100BAAEA8 /* SpringImageView.swift in Sources */ = {isa = PBXBuildFile; fileRef = FC0D3E401C9E5F1100BAAEA8 /* SpringImageView.swift */; };
		FC0D3E5E1C9E5F1100BAAEA8 /* SpringLabel.swift in Sources */ = {isa = PBXBuildFile; fileRef = FC0D3E411C9E5F1100BAAEA8 /* SpringLabel.swift */; };
		FC0D3E5F1C9E5F1100BAAEA8 /* SpringTextField.swift in Sources */ = {isa = PBXBuildFile; fileRef = FC0D3E421C9E5F1100BAAEA8 /* SpringTextField.swift */; };
		FC0D3E601C9E5F1100BAAEA8 /* SpringTextView.swift in Sources */ = {isa = PBXBuildFile; fileRef = FC0D3E431C9E5F1100BAAEA8 /* SpringTextView.swift */; };
		FC0D3E611C9E5F1100BAAEA8 /* SpringView.swift in Sources */ = {isa = PBXBuildFile; fileRef = FC0D3E441C9E5F1100BAAEA8 /* SpringView.swift */; };
		FC0D3E621C9E5F1100BAAEA8 /* TransitionManager.swift in Sources */ = {isa = PBXBuildFile; fileRef = FC0D3E451C9E5F1100BAAEA8 /* TransitionManager.swift */; };
		FC0D3E631C9E5F1100BAAEA8 /* TransitionZoom.swift in Sources */ = {isa = PBXBuildFile; fileRef = FC0D3E461C9E5F1100BAAEA8 /* TransitionZoom.swift */; };
		FC0D3E641C9E5F1100BAAEA8 /* UnwindSegue.swift in Sources */ = {isa = PBXBuildFile; fileRef = FC0D3E471C9E5F1100BAAEA8 /* UnwindSegue.swift */; };
		FC0D3E661C9E846C00BAAEA8 /* SettingsVC.swift in Sources */ = {isa = PBXBuildFile; fileRef = FC0D3E651C9E846B00BAAEA8 /* SettingsVC.swift */; };
		FC0D3E681C9E93E000BAAEA8 /* RoundedButton.swift in Sources */ = {isa = PBXBuildFile; fileRef = FC0D3E671C9E93E000BAAEA8 /* RoundedButton.swift */; };
		FC0D3E6A1C9F590E00BAAEA8 /* CoreLocationController.swift in Sources */ = {isa = PBXBuildFile; fileRef = FC0D3E691C9F590E00BAAEA8 /* CoreLocationController.swift */; };
		FC70CEC91C9E1D3200C71A62 /* RoundedView.swift in Sources */ = {isa = PBXBuildFile; fileRef = FC70CEC81C9E1D3200C71A62 /* RoundedView.swift */; };
		FC70CECF1C9E233300C71A62 /* Constants.swift in Sources */ = {isa = PBXBuildFile; fileRef = FC70CECE1C9E233300C71A62 /* Constants.swift */; };
		FC70CED11C9E25E300C71A62 /* Weather.swift in Sources */ = {isa = PBXBuildFile; fileRef = FC70CED01C9E25E300C71A62 /* Weather.swift */; };
		FC81BCF01C9E110F008419CF /* GlacialIndifference-Bold.otf in Resources */ = {isa = PBXBuildFile; fileRef = FC81BCEE1C9E110F008419CF /* GlacialIndifference-Bold.otf */; };
		FC81BCF11C9E110F008419CF /* GlacialIndifference-Regular.otf in Resources */ = {isa = PBXBuildFile; fileRef = FC81BCEF1C9E110F008419CF /* GlacialIndifference-Regular.otf */; };
		FCD9EDC91C9D6664002D2D7B /* AppDelegate.swift in Sources */ = {isa = PBXBuildFile; fileRef = FCD9EDC81C9D6664002D2D7B /* AppDelegate.swift */; };
		FCD9EDCB1C9D6664002D2D7B /* ViewController.swift in Sources */ = {isa = PBXBuildFile; fileRef = FCD9EDCA1C9D6664002D2D7B /* ViewController.swift */; };
		FCD9EDCE1C9D6664002D2D7B /* Main.storyboard in Resources */ = {isa = PBXBuildFile; fileRef = FCD9EDCC1C9D6664002D2D7B /* Main.storyboard */; };
		FCD9EDD01C9D6664002D2D7B /* Assets.xcassets in Resources */ = {isa = PBXBuildFile; fileRef = FCD9EDCF1C9D6664002D2D7B /* Assets.xcassets */; };
		FCD9EDD31C9D6664002D2D7B /* LaunchScreen.storyboard in Resources */ = {isa = PBXBuildFile; fileRef = FCD9EDD11C9D6664002D2D7B /* LaunchScreen.storyboard */; };
/* End PBXBuildFile section */

/* Begin PBXFileReference section */
		218160266CE4E6677F3290FA /* Pods-Sleek.debug.xcconfig */ = {isa = PBXFileReference; includeInIndex = 1; lastKnownFileType = text.xcconfig; name = "Pods-Sleek.debug.xcconfig"; path = "Pods/Target Support Files/Pods-Sleek/Pods-Sleek.debug.xcconfig"; sourceTree = "<group>"; };
		70057322BA746B7AFE6C6310 /* Pods-Sleek.release.xcconfig */ = {isa = PBXFileReference; includeInIndex = 1; lastKnownFileType = text.xcconfig; name = "Pods-Sleek.release.xcconfig"; path = "Pods/Target Support Files/Pods-Sleek/Pods-Sleek.release.xcconfig"; sourceTree = "<group>"; };
		C1D6F92090C923A5D9B095D4 /* Pods_Sleek.framework */ = {isa = PBXFileReference; explicitFileType = wrapper.framework; includeInIndex = 0; path = Pods_Sleek.framework; sourceTree = BUILT_PRODUCTS_DIR; };
		FC0D3E2A1C9E5F1100BAAEA8 /* AsyncButton.swift */ = {isa = PBXFileReference; fileEncoding = 4; lastKnownFileType = sourcecode.swift; path = AsyncButton.swift; sourceTree = "<group>"; };
		FC0D3E2B1C9E5F1100BAAEA8 /* AsyncImageView.swift */ = {isa = PBXFileReference; fileEncoding = 4; lastKnownFileType = sourcecode.swift; path = AsyncImageView.swift; sourceTree = "<group>"; };
		FC0D3E2C1C9E5F1100BAAEA8 /* AutoTextView.swift */ = {isa = PBXFileReference; fileEncoding = 4; lastKnownFileType = sourcecode.swift; path = AutoTextView.swift; sourceTree = "<group>"; };
		FC0D3E2D1C9E5F1100BAAEA8 /* BlurView.swift */ = {isa = PBXFileReference; fileEncoding = 4; lastKnownFileType = sourcecode.swift; path = BlurView.swift; sourceTree = "<group>"; };
		FC0D3E2E1C9E5F1100BAAEA8 /* DesignableButton.swift */ = {isa = PBXFileReference; fileEncoding = 4; lastKnownFileType = sourcecode.swift; path = DesignableButton.swift; sourceTree = "<group>"; };
		FC0D3E2F1C9E5F1100BAAEA8 /* DesignableImageView.swift */ = {isa = PBXFileReference; fileEncoding = 4; lastKnownFileType = sourcecode.swift; path = DesignableImageView.swift; sourceTree = "<group>"; };
		FC0D3E301C9E5F1100BAAEA8 /* DesignableLabel.swift */ = {isa = PBXFileReference; fileEncoding = 4; lastKnownFileType = sourcecode.swift; path = DesignableLabel.swift; sourceTree = "<group>"; };
		FC0D3E311C9E5F1100BAAEA8 /* DesignableTabBarController.swift */ = {isa = PBXFileReference; fileEncoding = 4; lastKnownFileType = sourcecode.swift; path = DesignableTabBarController.swift; sourceTree = "<group>"; };
		FC0D3E321C9E5F1100BAAEA8 /* DesignableTextField.swift */ = {isa = PBXFileReference; fileEncoding = 4; lastKnownFileType = sourcecode.swift; path = DesignableTextField.swift; sourceTree = "<group>"; };
		FC0D3E331C9E5F1100BAAEA8 /* DesignableTextView.swift */ = {isa = PBXFileReference; fileEncoding = 4; lastKnownFileType = sourcecode.swift; path = DesignableTextView.swift; sourceTree = "<group>"; };
		FC0D3E341C9E5F1100BAAEA8 /* DesignableView.swift */ = {isa = PBXFileReference; fileEncoding = 4; lastKnownFileType = sourcecode.swift; path = DesignableView.swift; sourceTree = "<group>"; };
		FC0D3E351C9E5F1100BAAEA8 /* ImageLoader.swift */ = {isa = PBXFileReference; fileEncoding = 4; lastKnownFileType = sourcecode.swift; path = ImageLoader.swift; sourceTree = "<group>"; };
		FC0D3E361C9E5F1100BAAEA8 /* Info.plist */ = {isa = PBXFileReference; fileEncoding = 4; lastKnownFileType = text.plist.xml; path = Info.plist; sourceTree = "<group>"; };
		FC0D3E371C9E5F1100BAAEA8 /* KeyboardLayoutConstraint.swift */ = {isa = PBXFileReference; fileEncoding = 4; lastKnownFileType = sourcecode.swift; path = KeyboardLayoutConstraint.swift; sourceTree = "<group>"; };
		FC0D3E381C9E5F1100BAAEA8 /* LoadingView.swift */ = {isa = PBXFileReference; fileEncoding = 4; lastKnownFileType = sourcecode.swift; path = LoadingView.swift; sourceTree = "<group>"; };
		FC0D3E391C9E5F1100BAAEA8 /* LoadingView.xib */ = {isa = PBXFileReference; fileEncoding = 4; lastKnownFileType = file.xib; path = LoadingView.xib; sourceTree = "<group>"; };
		FC0D3E3A1C9E5F1100BAAEA8 /* Misc.swift */ = {isa = PBXFileReference; fileEncoding = 4; lastKnownFileType = sourcecode.swift; path = Misc.swift; sourceTree = "<group>"; };
		FC0D3E3B1C9E5F1100BAAEA8 /* SoundPlayer.swift */ = {isa = PBXFileReference; fileEncoding = 4; lastKnownFileType = sourcecode.swift; path = SoundPlayer.swift; sourceTree = "<group>"; };
		FC0D3E3C1C9E5F1100BAAEA8 /* Spring.h */ = {isa = PBXFileReference; fileEncoding = 4; lastKnownFileType = sourcecode.c.h; path = Spring.h; sourceTree = "<group>"; };
		FC0D3E3D1C9E5F1100BAAEA8 /* Spring.swift */ = {isa = PBXFileReference; fileEncoding = 4; lastKnownFileType = sourcecode.swift; path = Spring.swift; sourceTree = "<group>"; };
		FC0D3E3E1C9E5F1100BAAEA8 /* SpringAnimation.swift */ = {isa = PBXFileReference; fileEncoding = 4; lastKnownFileType = sourcecode.swift; path = SpringAnimation.swift; sourceTree = "<group>"; };
		FC0D3E3F1C9E5F1100BAAEA8 /* SpringButton.swift */ = {isa = PBXFileReference; fileEncoding = 4; lastKnownFileType = sourcecode.swift; path = SpringButton.swift; sourceTree = "<group>"; };
		FC0D3E401C9E5F1100BAAEA8 /* SpringImageView.swift */ = {isa = PBXFileReference; fileEncoding = 4; lastKnownFileType = sourcecode.swift; path = SpringImageView.swift; sourceTree = "<group>"; };
		FC0D3E411C9E5F1100BAAEA8 /* SpringLabel.swift */ = {isa = PBXFileReference; fileEncoding = 4; lastKnownFileType = sourcecode.swift; path = SpringLabel.swift; sourceTree = "<group>"; };
		FC0D3E421C9E5F1100BAAEA8 /* SpringTextField.swift */ = {isa = PBXFileReference; fileEncoding = 4; lastKnownFileType = sourcecode.swift; path = SpringTextField.swift; sourceTree = "<group>"; };
		FC0D3E431C9E5F1100BAAEA8 /* SpringTextView.swift */ = {isa = PBXFileReference; fileEncoding = 4; lastKnownFileType = sourcecode.swift; path = SpringTextView.swift; sourceTree = "<group>"; };
		FC0D3E441C9E5F1100BAAEA8 /* SpringView.swift */ = {isa = PBXFileReference; fileEncoding = 4; lastKnownFileType = sourcecode.swift; path = SpringView.swift; sourceTree = "<group>"; };
		FC0D3E451C9E5F1100BAAEA8 /* TransitionManager.swift */ = {isa = PBXFileReference; fileEncoding = 4; lastKnownFileType = sourcecode.swift; path = TransitionManager.swift; sourceTree = "<group>"; };
		FC0D3E461C9E5F1100BAAEA8 /* TransitionZoom.swift */ = {isa = PBXFileReference; fileEncoding = 4; lastKnownFileType = sourcecode.swift; path = TransitionZoom.swift; sourceTree = "<group>"; };
		FC0D3E471C9E5F1100BAAEA8 /* UnwindSegue.swift */ = {isa = PBXFileReference; fileEncoding = 4; lastKnownFileType = sourcecode.swift; path = UnwindSegue.swift; sourceTree = "<group>"; };
		FC0D3E651C9E846B00BAAEA8 /* SettingsVC.swift */ = {isa = PBXFileReference; fileEncoding = 4; lastKnownFileType = sourcecode.swift; path = SettingsVC.swift; sourceTree = "<group>"; };
		FC0D3E671C9E93E000BAAEA8 /* RoundedButton.swift */ = {isa = PBXFileReference; fileEncoding = 4; lastKnownFileType = sourcecode.swift; path = RoundedButton.swift; sourceTree = "<group>"; };
		FC0D3E691C9F590E00BAAEA8 /* CoreLocationController.swift */ = {isa = PBXFileReference; fileEncoding = 4; lastKnownFileType = sourcecode.swift; path = CoreLocationController.swift; sourceTree = "<group>"; };
		FC70CEC81C9E1D3200C71A62 /* RoundedView.swift */ = {isa = PBXFileReference; fileEncoding = 4; lastKnownFileType = sourcecode.swift; path = RoundedView.swift; sourceTree = "<group>"; };
		FC70CECE1C9E233300C71A62 /* Constants.swift */ = {isa = PBXFileReference; fileEncoding = 4; lastKnownFileType = sourcecode.swift; path = Constants.swift; sourceTree = "<group>"; };
		FC70CED01C9E25E300C71A62 /* Weather.swift */ = {isa = PBXFileReference; fileEncoding = 4; lastKnownFileType = sourcecode.swift; path = Weather.swift; sourceTree = "<group>"; };
		FC81BCEE1C9E110F008419CF /* GlacialIndifference-Bold.otf */ = {isa = PBXFileReference; lastKnownFileType = file; path = "GlacialIndifference-Bold.otf"; sourceTree = "<group>"; };
		FC81BCEF1C9E110F008419CF /* GlacialIndifference-Regular.otf */ = {isa = PBXFileReference; lastKnownFileType = file; path = "GlacialIndifference-Regular.otf"; sourceTree = "<group>"; };
		FCD9EDC51C9D6663002D2D7B /* Sleek.app */ = {isa = PBXFileReference; explicitFileType = wrapper.application; includeInIndex = 0; path = Sleek.app; sourceTree = BUILT_PRODUCTS_DIR; };
		FCD9EDC81C9D6664002D2D7B /* AppDelegate.swift */ = {isa = PBXFileReference; lastKnownFileType = sourcecode.swift; path = AppDelegate.swift; sourceTree = "<group>"; };
		FCD9EDCA1C9D6664002D2D7B /* ViewController.swift */ = {isa = PBXFileReference; lastKnownFileType = sourcecode.swift; path = ViewController.swift; sourceTree = "<group>"; };
		FCD9EDCD1C9D6664002D2D7B /* Base */ = {isa = PBXFileReference; lastKnownFileType = file.storyboard; name = Base; path = Base.lproj/Main.storyboard; sourceTree = "<group>"; };
		FCD9EDCF1C9D6664002D2D7B /* Assets.xcassets */ = {isa = PBXFileReference; lastKnownFileType = folder.assetcatalog; path = Assets.xcassets; sourceTree = "<group>"; };
		FCD9EDD21C9D6664002D2D7B /* Base */ = {isa = PBXFileReference; lastKnownFileType = file.storyboard; name = Base; path = Base.lproj/LaunchScreen.storyboard; sourceTree = "<group>"; };
		FCD9EDD41C9D6664002D2D7B /* Info.plist */ = {isa = PBXFileReference; lastKnownFileType = text.plist.xml; path = Info.plist; sourceTree = "<group>"; };
/* End PBXFileReference section */

/* Begin PBXFrameworksBuildPhase section */
		FCD9EDC21C9D6663002D2D7B /* Frameworks */ = {
			isa = PBXFrameworksBuildPhase;
			buildActionMask = 2147483647;
			files = (
				804CBC8ED563FF1A6131ADEE /* Pods_Sleek.framework in Frameworks */,
			);
			runOnlyForDeploymentPostprocessing = 0;
		};
/* End PBXFrameworksBuildPhase section */

/* Begin PBXGroup section */
		5A3C44745F95DCBFF05BC0B3 /* Pods */ = {
			isa = PBXGroup;
			children = (
				218160266CE4E6677F3290FA /* Pods-Sleek.debug.xcconfig */,
				70057322BA746B7AFE6C6310 /* Pods-Sleek.release.xcconfig */,
			);
			name = Pods;
			sourceTree = "<group>";
		};
		F6CE1940D46BAA3689A58AFB /* Frameworks */ = {
			isa = PBXGroup;
			children = (
				C1D6F92090C923A5D9B095D4 /* Pods_Sleek.framework */,
			);
			name = Frameworks;
			sourceTree = "<group>";
		};
		FC0D3E291C9E5F1100BAAEA8 /* Spring */ = {
			isa = PBXGroup;
			children = (
				FC0D3E2A1C9E5F1100BAAEA8 /* AsyncButton.swift */,
				FC0D3E2B1C9E5F1100BAAEA8 /* AsyncImageView.swift */,
				FC0D3E2C1C9E5F1100BAAEA8 /* AutoTextView.swift */,
				FC0D3E2D1C9E5F1100BAAEA8 /* BlurView.swift */,
				FC0D3E2E1C9E5F1100BAAEA8 /* DesignableButton.swift */,
				FC0D3E2F1C9E5F1100BAAEA8 /* DesignableImageView.swift */,
				FC0D3E301C9E5F1100BAAEA8 /* DesignableLabel.swift */,
				FC0D3E311C9E5F1100BAAEA8 /* DesignableTabBarController.swift */,
				FC0D3E321C9E5F1100BAAEA8 /* DesignableTextField.swift */,
				FC0D3E331C9E5F1100BAAEA8 /* DesignableTextView.swift */,
				FC0D3E341C9E5F1100BAAEA8 /* DesignableView.swift */,
				FC0D3E351C9E5F1100BAAEA8 /* ImageLoader.swift */,
				FC0D3E361C9E5F1100BAAEA8 /* Info.plist */,
				FC0D3E371C9E5F1100BAAEA8 /* KeyboardLayoutConstraint.swift */,
				FC0D3E381C9E5F1100BAAEA8 /* LoadingView.swift */,
				FC0D3E391C9E5F1100BAAEA8 /* LoadingView.xib */,
				FC0D3E3A1C9E5F1100BAAEA8 /* Misc.swift */,
				FC0D3E3B1C9E5F1100BAAEA8 /* SoundPlayer.swift */,
				FC0D3E3C1C9E5F1100BAAEA8 /* Spring.h */,
				FC0D3E3D1C9E5F1100BAAEA8 /* Spring.swift */,
				FC0D3E3E1C9E5F1100BAAEA8 /* SpringAnimation.swift */,
				FC0D3E3F1C9E5F1100BAAEA8 /* SpringButton.swift */,
				FC0D3E401C9E5F1100BAAEA8 /* SpringImageView.swift */,
				FC0D3E411C9E5F1100BAAEA8 /* SpringLabel.swift */,
				FC0D3E421C9E5F1100BAAEA8 /* SpringTextField.swift */,
				FC0D3E431C9E5F1100BAAEA8 /* SpringTextView.swift */,
				FC0D3E441C9E5F1100BAAEA8 /* SpringView.swift */,
				FC0D3E451C9E5F1100BAAEA8 /* TransitionManager.swift */,
				FC0D3E461C9E5F1100BAAEA8 /* TransitionZoom.swift */,
				FC0D3E471C9E5F1100BAAEA8 /* UnwindSegue.swift */,
			);
			name = Spring;
			path = ../Spring;
			sourceTree = "<group>";
		};
		FC70CECD1C9E232600C71A62 /* Util */ = {
			isa = PBXGroup;
			children = (
				FC70CECE1C9E233300C71A62 /* Constants.swift */,
			);
			name = Util;
			sourceTree = "<group>";
		};
		FC81BCF21C9E1113008419CF /* Resources */ = {
			isa = PBXGroup;
			children = (
				FC0D3E291C9E5F1100BAAEA8 /* Spring */,
				FC81BCEE1C9E110F008419CF /* GlacialIndifference-Bold.otf */,
				FC81BCEF1C9E110F008419CF /* GlacialIndifference-Regular.otf */,
			);
			name = Resources;
			sourceTree = "<group>";
		};
		FCD9EDBC1C9D6663002D2D7B = {
			isa = PBXGroup;
			children = (
				FCD9EDC71C9D6664002D2D7B /* Sleek */,
				FCD9EDC61C9D6663002D2D7B /* Products */,
				5A3C44745F95DCBFF05BC0B3 /* Pods */,
				F6CE1940D46BAA3689A58AFB /* Frameworks */,
			);
			sourceTree = "<group>";
		};
		FCD9EDC61C9D6663002D2D7B /* Products */ = {
			isa = PBXGroup;
			children = (
				FCD9EDC51C9D6663002D2D7B /* Sleek.app */,
			);
			name = Products;
			sourceTree = "<group>";
		};
		FCD9EDC71C9D6664002D2D7B /* Sleek */ = {
			isa = PBXGroup;
			children = (
				FC81BCF21C9E1113008419CF /* Resources */,
				FCD9EDDC1C9D667E002D2D7B /* Model */,
				FCD9EDDB1C9D667B002D2D7B /* View */,
				FCD9EDDA1C9D6677002D2D7B /* Controller */,
				FCD9EDC81C9D6664002D2D7B /* AppDelegate.swift */,
				FC70CECD1C9E232600C71A62 /* Util */,
				FCD9EDCF1C9D6664002D2D7B /* Assets.xcassets */,
				FCD9EDD11C9D6664002D2D7B /* LaunchScreen.storyboard */,
				FCD9EDD41C9D6664002D2D7B /* Info.plist */,
			);
			path = Sleek;
			sourceTree = "<group>";
		};
		FCD9EDDA1C9D6677002D2D7B /* Controller */ = {
			isa = PBXGroup;
			children = (
				FCD9EDCA1C9D6664002D2D7B /* ViewController.swift */,
				FC70CEC81C9E1D3200C71A62 /* RoundedView.swift */,
				FC0D3E651C9E846B00BAAEA8 /* SettingsVC.swift */,
				FC0D3E671C9E93E000BAAEA8 /* RoundedButton.swift */,
				FC0D3E691C9F590E00BAAEA8 /* CoreLocationController.swift */,
			);
			name = Controller;
			sourceTree = "<group>";
		};
		FCD9EDDB1C9D667B002D2D7B /* View */ = {
			isa = PBXGroup;
			children = (
				FCD9EDCC1C9D6664002D2D7B /* Main.storyboard */,
			);
			name = View;
			sourceTree = "<group>";
		};
		FCD9EDDC1C9D667E002D2D7B /* Model */ = {
			isa = PBXGroup;
			children = (
				FC70CED01C9E25E300C71A62 /* Weather.swift */,
			);
			name = Model;
			sourceTree = "<group>";
		};
/* End PBXGroup section */

/* Begin PBXNativeTarget section */
		FCD9EDC41C9D6663002D2D7B /* Sleek */ = {
			isa = PBXNativeTarget;
			buildConfigurationList = FCD9EDD71C9D6664002D2D7B /* Build configuration list for PBXNativeTarget "Sleek" */;
			buildPhases = (
				67E403E3458FEC2CB3DCFD3A /* Check Pods Manifest.lock */,
				FCD9EDC11C9D6663002D2D7B /* Sources */,
				FCD9EDC21C9D6663002D2D7B /* Frameworks */,
				FCD9EDC31C9D6663002D2D7B /* Resources */,
				22C7E0100206558D617900BE /* Embed Pods Frameworks */,
				522E04BDACCDBA86A5C391DD /* Copy Pods Resources */,
			);
			buildRules = (
			);
			dependencies = (
			);
			name = Sleek;
			productName = Sleek;
			productReference = FCD9EDC51C9D6663002D2D7B /* Sleek.app */;
			productType = "com.apple.product-type.application";
		};
/* End PBXNativeTarget section */

/* Begin PBXProject section */
		FCD9EDBD1C9D6663002D2D7B /* Project object */ = {
			isa = PBXProject;
			attributes = {
				LastSwiftUpdateCheck = 0730;
				LastUpgradeCheck = 0730;
				ORGANIZATIONNAME = "Caleb Stultz";
				TargetAttributes = {
					FCD9EDC41C9D6663002D2D7B = {
						CreatedOnToolsVersion = 7.3;
						DevelopmentTeam = HLCDLFXF5Y;
					};
				};
			};
			buildConfigurationList = FCD9EDC01C9D6663002D2D7B /* Build configuration list for PBXProject "Sleek" */;
			compatibilityVersion = "Xcode 3.2";
			developmentRegion = English;
			hasScannedForEncodings = 0;
			knownRegions = (
				en,
				Base,
			);
			mainGroup = FCD9EDBC1C9D6663002D2D7B;
			productRefGroup = FCD9EDC61C9D6663002D2D7B /* Products */;
			projectDirPath = "";
			projectRoot = "";
			targets = (
				FCD9EDC41C9D6663002D2D7B /* Sleek */,
			);
		};
/* End PBXProject section */

/* Begin PBXResourcesBuildPhase section */
		FCD9EDC31C9D6663002D2D7B /* Resources */ = {
			isa = PBXResourcesBuildPhase;
			buildActionMask = 2147483647;
			files = (
				FC81BCF01C9E110F008419CF /* GlacialIndifference-Bold.otf in Resources */,
				FCD9EDD31C9D6664002D2D7B /* LaunchScreen.storyboard in Resources */,
				FC0D3E541C9E5F1100BAAEA8 /* Info.plist in Resources */,
				FC81BCF11C9E110F008419CF /* GlacialIndifference-Regular.otf in Resources */,
				FC0D3E571C9E5F1100BAAEA8 /* LoadingView.xib in Resources */,
				FCD9EDD01C9D6664002D2D7B /* Assets.xcassets in Resources */,
				FCD9EDCE1C9D6664002D2D7B /* Main.storyboard in Resources */,
			);
			runOnlyForDeploymentPostprocessing = 0;
		};
/* End PBXResourcesBuildPhase section */

/* Begin PBXShellScriptBuildPhase section */
		22C7E0100206558D617900BE /* Embed Pods Frameworks */ = {
			isa = PBXShellScriptBuildPhase;
			buildActionMask = 2147483647;
			files = (
			);
			inputPaths = (
			);
			name = "Embed Pods Frameworks";
			outputPaths = (
			);
			runOnlyForDeploymentPostprocessing = 0;
			shellPath = /bin/sh;
			shellScript = "\"${SRCROOT}/Pods/Target Support Files/Pods-Sleek/Pods-Sleek-frameworks.sh\"\n";
			showEnvVarsInLog = 0;
		};
		522E04BDACCDBA86A5C391DD /* Copy Pods Resources */ = {
			isa = PBXShellScriptBuildPhase;
			buildActionMask = 2147483647;
			files = (
			);
			inputPaths = (
			);
			name = "Copy Pods Resources";
			outputPaths = (
			);
			runOnlyForDeploymentPostprocessing = 0;
			shellPath = /bin/sh;
			shellScript = "\"${SRCROOT}/Pods/Target Support Files/Pods-Sleek/Pods-Sleek-resources.sh\"\n";
			showEnvVarsInLog = 0;
		};
		67E403E3458FEC2CB3DCFD3A /* Check Pods Manifest.lock */ = {
			isa = PBXShellScriptBuildPhase;
			buildActionMask = 2147483647;
			files = (
			);
			inputPaths = (
			);
			name = "Check Pods Manifest.lock";
			outputPaths = (
			);
			runOnlyForDeploymentPostprocessing = 0;
			shellPath = /bin/sh;
			shellScript = "diff \"${PODS_ROOT}/../Podfile.lock\" \"${PODS_ROOT}/Manifest.lock\" > /dev/null\nif [[ $? != 0 ]] ; then\n    cat << EOM\nerror: The sandbox is not in sync with the Podfile.lock. Run 'pod install' or update your CocoaPods installation.\nEOM\n    exit 1\nfi\n";
			showEnvVarsInLog = 0;
		};
/* End PBXShellScriptBuildPhase section */

/* Begin PBXSourcesBuildPhase section */
		FCD9EDC11C9D6663002D2D7B /* Sources */ = {
			isa = PBXSourcesBuildPhase;
			buildActionMask = 2147483647;
			files = (
				FCD9EDCB1C9D6664002D2D7B /* ViewController.swift in Sources */,
				FC0D3E591C9E5F1100BAAEA8 /* SoundPlayer.swift in Sources */,
				FC0D3E4D1C9E5F1100BAAEA8 /* DesignableImageView.swift in Sources */,
				FC0D3E5F1C9E5F1100BAAEA8 /* SpringTextField.swift in Sources */,
				FCD9EDC91C9D6664002D2D7B /* AppDelegate.swift in Sources */,
				FC0D3E501C9E5F1100BAAEA8 /* DesignableTextField.swift in Sources */,
				FC0D3E621C9E5F1100BAAEA8 /* TransitionManager.swift in Sources */,
				FC0D3E5B1C9E5F1100BAAEA8 /* SpringAnimation.swift in Sources */,
				FC0D3E481C9E5F1100BAAEA8 /* AsyncButton.swift in Sources */,
				FC0D3E551C9E5F1100BAAEA8 /* KeyboardLayoutConstraint.swift in Sources */,
				FC0D3E4C1C9E5F1100BAAEA8 /* DesignableButton.swift in Sources */,
				FC0D3E681C9E93E000BAAEA8 /* RoundedButton.swift in Sources */,
				FC0D3E661C9E846C00BAAEA8 /* SettingsVC.swift in Sources */,
				FC70CEC91C9E1D3200C71A62 /* RoundedView.swift in Sources */,
				FC70CECF1C9E233300C71A62 /* Constants.swift in Sources */,
				FC0D3E521C9E5F1100BAAEA8 /* DesignableView.swift in Sources */,
				FC0D3E631C9E5F1100BAAEA8 /* TransitionZoom.swift in Sources */,
				FC0D3E4B1C9E5F1100BAAEA8 /* BlurView.swift in Sources */,
				FC70CED11C9E25E300C71A62 /* Weather.swift in Sources */,
				FC0D3E531C9E5F1100BAAEA8 /* ImageLoader.swift in Sources */,
				FC0D3E611C9E5F1100BAAEA8 /* SpringView.swift in Sources */,
				FC0D3E5E1C9E5F1100BAAEA8 /* SpringLabel.swift in Sources */,
				FC0D3E581C9E5F1100BAAEA8 /* Misc.swift in Sources */,
				FC0D3E4F1C9E5F1100BAAEA8 /* DesignableTabBarController.swift in Sources */,
				FC0D3E4A1C9E5F1100BAAEA8 /* AutoTextView.swift in Sources */,
				FC0D3E6A1C9F590E00BAAEA8 /* CoreLocationController.swift in Sources */,
				FC0D3E511C9E5F1100BAAEA8 /* DesignableTextView.swift in Sources */,
				FC0D3E5A1C9E5F1100BAAEA8 /* Spring.swift in Sources */,
				FC0D3E5C1C9E5F1100BAAEA8 /* SpringButton.swift in Sources */,
				FC0D3E641C9E5F1100BAAEA8 /* UnwindSegue.swift in Sources */,
				FC0D3E4E1C9E5F1100BAAEA8 /* DesignableLabel.swift in Sources */,
				FC0D3E5D1C9E5F1100BAAEA8 /* SpringImageView.swift in Sources */,
				FC0D3E561C9E5F1100BAAEA8 /* LoadingView.swift in Sources */,
				FC0D3E601C9E5F1100BAAEA8 /* SpringTextView.swift in Sources */,
				FC0D3E491C9E5F1100BAAEA8 /* AsyncImageView.swift in Sources */,
			);
			runOnlyForDeploymentPostprocessing = 0;
		};
/* End PBXSourcesBuildPhase section */

/* Begin PBXVariantGroup section */
		FCD9EDCC1C9D6664002D2D7B /* Main.storyboard */ = {
			isa = PBXVariantGroup;
			children = (
				FCD9EDCD1C9D6664002D2D7B /* Base */,
			);
			name = Main.storyboard;
			sourceTree = "<group>";
		};
		FCD9EDD11C9D6664002D2D7B /* LaunchScreen.storyboard */ = {
			isa = PBXVariantGroup;
			children = (
				FCD9EDD21C9D6664002D2D7B /* Base */,
			);
			name = LaunchScreen.storyboard;
			sourceTree = "<group>";
		};
/* End PBXVariantGroup section */

/* Begin XCBuildConfiguration section */
		FCD9EDD51C9D6664002D2D7B /* Debug */ = {
			isa = XCBuildConfiguration;
			buildSettings = {
				ALWAYS_SEARCH_USER_PATHS = NO;
				CLANG_ANALYZER_NONNULL = YES;
				CLANG_CXX_LANGUAGE_STANDARD = "gnu++0x";
				CLANG_CXX_LIBRARY = "libc++";
				CLANG_ENABLE_MODULES = YES;
				CLANG_ENABLE_OBJC_ARC = YES;
				CLANG_WARN_BOOL_CONVERSION = YES;
				CLANG_WARN_CONSTANT_CONVERSION = YES;
				CLANG_WARN_DIRECT_OBJC_ISA_USAGE = YES_ERROR;
				CLANG_WARN_EMPTY_BODY = YES;
				CLANG_WARN_ENUM_CONVERSION = YES;
				CLANG_WARN_INT_CONVERSION = YES;
				CLANG_WARN_OBJC_ROOT_CLASS = YES_ERROR;
				CLANG_WARN_UNREACHABLE_CODE = YES;
				CLANG_WARN__DUPLICATE_METHOD_MATCH = YES;
				"CODE_SIGN_IDENTITY[sdk=iphoneos*]" = "iPhone Developer";
				COPY_PHASE_STRIP = NO;
				DEBUG_INFORMATION_FORMAT = dwarf;
				ENABLE_STRICT_OBJC_MSGSEND = YES;
				ENABLE_TESTABILITY = YES;
				GCC_C_LANGUAGE_STANDARD = gnu99;
				GCC_DYNAMIC_NO_PIC = NO;
				GCC_NO_COMMON_BLOCKS = YES;
				GCC_OPTIMIZATION_LEVEL = 0;
				GCC_PREPROCESSOR_DEFINITIONS = (
					"DEBUG=1",
					"$(inherited)",
				);
				GCC_WARN_64_TO_32_BIT_CONVERSION = YES;
				GCC_WARN_ABOUT_RETURN_TYPE = YES_ERROR;
				GCC_WARN_UNDECLARED_SELECTOR = YES;
				GCC_WARN_UNINITIALIZED_AUTOS = YES_AGGRESSIVE;
				GCC_WARN_UNUSED_FUNCTION = YES;
				GCC_WARN_UNUSED_VARIABLE = YES;
				IPHONEOS_DEPLOYMENT_TARGET = 9.3;
				MTL_ENABLE_DEBUG_INFO = YES;
				ONLY_ACTIVE_ARCH = YES;
				SDKROOT = iphoneos;
				SWIFT_OPTIMIZATION_LEVEL = "-Onone";
			};
			name = Debug;
		};
		FCD9EDD61C9D6664002D2D7B /* Release */ = {
			isa = XCBuildConfiguration;
			buildSettings = {
				ALWAYS_SEARCH_USER_PATHS = NO;
				CLANG_ANALYZER_NONNULL = YES;
				CLANG_CXX_LANGUAGE_STANDARD = "gnu++0x";
				CLANG_CXX_LIBRARY = "libc++";
				CLANG_ENABLE_MODULES = YES;
				CLANG_ENABLE_OBJC_ARC = YES;
				CLANG_WARN_BOOL_CONVERSION = YES;
				CLANG_WARN_CONSTANT_CONVERSION = YES;
				CLANG_WARN_DIRECT_OBJC_ISA_USAGE = YES_ERROR;
				CLANG_WARN_EMPTY_BODY = YES;
				CLANG_WARN_ENUM_CONVERSION = YES;
				CLANG_WARN_INT_CONVERSION = YES;
				CLANG_WARN_OBJC_ROOT_CLASS = YES_ERROR;
				CLANG_WARN_UNREACHABLE_CODE = YES;
				CLANG_WARN__DUPLICATE_METHOD_MATCH = YES;
				"CODE_SIGN_IDENTITY[sdk=iphoneos*]" = "iPhone Developer";
				COPY_PHASE_STRIP = NO;
				DEBUG_INFORMATION_FORMAT = "dwarf-with-dsym";
				ENABLE_NS_ASSERTIONS = NO;
				ENABLE_STRICT_OBJC_MSGSEND = YES;
				GCC_C_LANGUAGE_STANDARD = gnu99;
				GCC_NO_COMMON_BLOCKS = YES;
				GCC_WARN_64_TO_32_BIT_CONVERSION = YES;
				GCC_WARN_ABOUT_RETURN_TYPE = YES_ERROR;
				GCC_WARN_UNDECLARED_SELECTOR = YES;
				GCC_WARN_UNINITIALIZED_AUTOS = YES_AGGRESSIVE;
				GCC_WARN_UNUSED_FUNCTION = YES;
				GCC_WARN_UNUSED_VARIABLE = YES;
				IPHONEOS_DEPLOYMENT_TARGET = 9.3;
				MTL_ENABLE_DEBUG_INFO = NO;
				SDKROOT = iphoneos;
				VALIDATE_PRODUCT = YES;
			};
			name = Release;
		};
		FCD9EDD81C9D6664002D2D7B /* Debug */ = {
			isa = XCBuildConfiguration;
			baseConfigurationReference = 218160266CE4E6677F3290FA /* Pods-Sleek.debug.xcconfig */;
			buildSettings = {
				ASSETCATALOG_COMPILER_APPICON_NAME = AppIcon;
				INFOPLIST_FILE = Sleek/Info.plist;
				LD_RUNPATH_SEARCH_PATHS = "$(inherited) @executable_path/Frameworks";
				PRODUCT_BUNDLE_IDENTIFIER = com.stultz.Sleek;
				PRODUCT_NAME = "$(TARGET_NAME)";
			};
			name = Debug;
		};
		FCD9EDD91C9D6664002D2D7B /* Release */ = {
			isa = XCBuildConfiguration;
			baseConfigurationReference = 70057322BA746B7AFE6C6310 /* Pods-Sleek.release.xcconfig */;
			buildSettings = {
				ASSETCATALOG_COMPILER_APPICON_NAME = AppIcon;
				INFOPLIST_FILE = Sleek/Info.plist;
				LD_RUNPATH_SEARCH_PATHS = "$(inherited) @executable_path/Frameworks";
				PRODUCT_BUNDLE_IDENTIFIER = com.stultz.Sleek;
				PRODUCT_NAME = "$(TARGET_NAME)";
			};
			name = Release;
		};
/* End XCBuildConfiguration section */

/* Begin XCConfigurationList section */
		FCD9EDC01C9D6663002D2D7B /* Build configuration list for PBXProject "Sleek" */ = {
			isa = XCConfigurationList;
			buildConfigurations = (
				FCD9EDD51C9D6664002D2D7B /* Debug */,
				FCD9EDD61C9D6664002D2D7B /* Release */,
			);
			defaultConfigurationIsVisible = 0;
			defaultConfigurationName = Release;
		};
		FCD9EDD71C9D6664002D2D7B /* Build configuration list for PBXNativeTarget "Sleek" */ = {
			isa = XCConfigurationList;
			buildConfigurations = (
				FCD9EDD81C9D6664002D2D7B /* Debug */,
				FCD9EDD91C9D6664002D2D7B /* Release */,
			);
			defaultConfigurationIsVisible = 0;
			defaultConfigurationName = Release;
		};
/* End XCConfigurationList section */
	};
	rootObject = FCD9EDBD1C9D6663002D2D7B /* Project object */;
}
